# THIS IS AN AUTOGENERATED FILE. DO NOT EDIT THIS FILE DIRECTLY.
# yarn lockfile v1


"@babel/polyfill@^7.0.0-beta.52":
  version "7.2.5"
  resolved "https://registry.yarnpkg.com/@babel/polyfill/-/polyfill-7.2.5.tgz#6c54b964f71ad27edddc567d065e57e87ed7fa7d"
  dependencies:
    core-js "^2.5.7"
    regenerator-runtime "^0.12.0"

"@masaeedu/adt@^1.0.3":
  version "1.0.3"
  resolved "https://registry.yarnpkg.com/@masaeedu/adt/-/adt-1.0.3.tgz#4551f0ea90f72bb0f98b56c8bf647e62cb10cde4"

"@masaeedu/do@^0.0.1":
  version "0.0.1"
  resolved "https://registry.yarnpkg.com/@masaeedu/do/-/do-0.0.1.tgz#ce35ee8c728238e5db2b069a8e4501afe05e48f2"

"@masaeedu/fp@https://github.com/masaeedu/fp.git#dev":
  version "8.0.0"
  resolved "https://github.com/masaeedu/fp.git#da19726af73decb8182b4b9f9f140908716bb15e"
  dependencies:
    "@babel/polyfill" "^7.0.0-beta.52"
    "@masaeedu/adt" "^1.0.3"
    "@masaeedu/do" "^0.0.1"
    "@masaeedu/infix" "^1.2.0"
    natch "^1.1.1"

"@masaeedu/infix@^1.2.0":
  version "1.2.0"
  resolved "https://registry.yarnpkg.com/@masaeedu/infix/-/infix-1.2.0.tgz#3ca1265db27da4a8e02785035430b6dead16ec3a"

core-js@^2.5.7:
  version "2.6.5"
  resolved "https://registry.yarnpkg.com/core-js/-/core-js-2.6.5.tgz#44bc8d249e7fb2ff5d00e0341a7ffb94fbf67895"

natch@^1.1.1:
  version "1.1.1"
  resolved "https://registry.yarnpkg.com/natch/-/natch-1.1.1.tgz#ef20fd67fe2e3c4ff3c4e6634dacb43c0637ec33"

regenerator-runtime@^0.12.0:
  version "0.12.1"
  resolved "https://registry.yarnpkg.com/regenerator-runtime/-/regenerator-runtime-0.12.1.tgz#fa1a71544764c036f8c49b13a08b2594c9f8a0de"

terminal-canvas@^2.1.0:
  version "2.1.0"
  resolved "https://registry.yarnpkg.com/terminal-canvas/-/terminal-canvas-2.1.0.tgz#7be068b19896bf7c64f878812a727146a918924f"
